
Microsoft Visual Studio Solution File, Format Version 12.00
# Visual Studio Version 16
VisualStudioVersion = 16.0.32510.428
MinimumVisualStudioVersion = 10.0.40219.1
Project("{FAE04EC0-301F-11D3-BF4B-00C04F79EFBC}") = "MyCompany", "MyCompany.csproj", "{09BC3D00-AD74-4E15-8E45-BE46C05C9D32}"
EndProject
Global
	GlobalSection(SolutionConfigurationPlatforms) = preSolution
		Debug|Any CPU = Debug|Any CPU
		Release|Any CPU = Release|Any CPU
	EndGlobalSection
	GlobalSection(ProjectConfigurationPlatforms) = postSolution
		{09BC3D00-AD74-4E15-8E45-BE46C05C9D32}.Debug|Any CPU.ActiveCfg = Debug|Any CPU
		{09BC3D00-AD74-4E15-8E45-BE46C05C9D32}.Debug|Any CPU.Build.0 = Debug|Any CPU
		{09BC3D00-AD74-4E15-8E45-BE46C05C9D32}.Release|Any CPU.ActiveCfg = Release|Any CPU
		{09BC3D00-AD74-4E15-8E45-BE46C05C9D32}.Release|Any CPU.Build.0 = Release|Any CPU
	EndGlobalSection
	GlobalSection(SolutionProperties) = preSolution
		HideSolutionNode = FALSE
	EndGlobalSection
	GlobalSection(ExtensibilityGlobals) = postSolution
		SolutionGuid = {84A7C999-80DC-46CC-B715-9BBD491FC84E}
	EndGlobalSection
EndGlobal
